{
  "name": "@bitfinex/bfx-facs-interval",
  "version": "1.0.0",
  "lockfileVersion": 3,
  "requires": true,
  "packages": {
    "": {
      "name": "@bitfinex/bfx-facs-interval",
      "version": "1.0.0",
      "license": "Apache-2.0",
      "dependencies": {
        "@bitfinex/bfx-facs-base": "git+https://github.com/bitfinexcom/bfx-facs-base.git",
        "async": "^3.2.1",
        "lodash": "^4.17.21"
      },
      "engines": {
        "node": ">=16.0"
      }
    },
    "node_modules/@bitfinex/bfx-facs-base": {
      "version": "1.0.0",
      "resolved": "git+ssh://git@github.com/bitfinexcom/bfx-facs-base.git#c42f4dfeab9c759a9c7ec7177ab7af6b53279e94",
      "dependencies": {
        "async": "^3.2.1",
        "lodash": "^4.17.21"
      },
      "engines": {
        "node": ">=16.0"
      }
    },
    "node_modules/async": {
      "version": "3.2.6",
      "resolved": "https://registry.npmjs.org/async/-/async-3.2.6.tgz",
      "integrity": "sha512-htCUDlxyyCLMgaM3xXg0C0LW2xqfuQ6p05pCEIsXuyQ+a1koYKTuBMzRNwmybfLgvJDMd0r1LTn4+E0Ti6C2AA=="
    },
    "node_modules/lodash": {
      "version": "4.17.21",
      "resolved": "https://registry.npmjs.org/lodash/-/lodash-4.17.21.tgz",
      "integrity": "sha512-v2kDEe57lecTulaDIuNTPy3Ry4gLGJ6Z1O3vE1krgXZNrsQ+LFTGHVxVjcXPs17LhbZVGedAJv8XZ1tvj5FvSg=="
    }
  }
}
